
Microsoft Visual Studio Solution File, Format Version 12.00
# Visual Studio Version 16
VisualStudioVersion = 16.0.31005.135
MinimumVisualStudioVersion = 10.0.40219.1
Project("{FAE04EC0-301F-11D3-BF4B-00C04F79EFBC}") = "FileRead", "FileRead.csproj", "{C20D7E6D-D0E8-44C1-A4A9-FD059414E9EB}"
EndProject
Global
	GlobalSection(SolutionConfigurationPlatforms) = preSolution
		Debug|Any CPU = Debug|Any CPU
		Release|Any CPU = Release|Any CPU
	EndGlobalSection
	GlobalSection(ProjectConfigurationPlatforms) = postSolution
		{C20D7E6D-D0E8-44C1-A4A9-FD059414E9EB}.Debug|Any CPU.ActiveCfg = Debug|Any CPU
		{C20D7E6D-D0E8-44C1-A4A9-FD059414E9EB}.Debug|Any CPU.Build.0 = Debug|Any CPU
		{C20D7E6D-D0E8-44C1-A4A9-FD059414E9EB}.Release|Any CPU.ActiveCfg = Release|Any CPU
		{C20D7E6D-D0E8-44C1-A4A9-FD059414E9EB}.Release|Any CPU.Build.0 = Release|Any CPU
	EndGlobalSection
	GlobalSection(SolutionProperties) = preSolution
		HideSolutionNode = FALSE
	EndGlobalSection
	GlobalSection(ExtensibilityGlobals) = postSolution
		SolutionGuid = {C3071DC6-E9CE-4573-93A5-27AEFB7DABC1}
	EndGlobalSection
EndGlobal
